// !$*UTF8*$!
{
	archiveVersion = 1;
	classes = {
	};
	objectVersion = 46;
	objects = {

/* Begin PBXBuildFile section */
		706727AB1A9EA28200E5F175 /* GameKit.framework in Frameworks */ = {isa = PBXBuildFile; fileRef = 706727AA1A9EA28200E5F175 /* GameKit.framework */; };
		7090D5A01A8BE98D00E8AA7C /* AppDelegate.swift in Sources */ = {isa = PBXBuildFile; fileRef = 7090D59F1A8BE98D00E8AA7C /* AppDelegate.swift */; };
		7090D5A61A8BE98D00E8AA7C /* GameViewController.swift in Sources */ = {isa = PBXBuildFile; fileRef = 7090D5A51A8BE98D00E8AA7C /* GameViewController.swift */; };
		7090D5A91A8BE98D00E8AA7C /* Main.storyboard in Resources */ = {isa = PBXBuildFile; fileRef = 7090D5A71A8BE98D00E8AA7C /* Main.storyboard */; };
		7090D5AB1A8BE98D00E8AA7C /* Images.xcassets in Resources */ = {isa = PBXBuildFile; fileRef = 7090D5AA1A8BE98D00E8AA7C /* Images.xcassets */; };
		7090D5AE1A8BE98D00E8AA7C /* LaunchScreen.xib in Resources */ = {isa = PBXBuildFile; fileRef = 7090D5AC1A8BE98D00E8AA7C /* LaunchScreen.xib */; };
		7090D5BA1A8BE98D00E8AA7C /* WhiteBikeAngelTests.swift in Sources */ = {isa = PBXBuildFile; fileRef = 7090D5B91A8BE98D00E8AA7C /* WhiteBikeAngelTests.swift */; };
		7090D5C61A8BEA0A00E8AA7C /* bike.atlas in Resources */ = {isa = PBXBuildFile; fileRef = 7090D5C51A8BEA0A00E8AA7C /* bike.atlas */; };
		7090D5D81A8BEA3800E8AA7C /* Bike1.png in Resources */ = {isa = PBXBuildFile; fileRef = 7090D5C71A8BEA3800E8AA7C /* Bike1.png */; };
		7090D5D91A8BEA3800E8AA7C /* Bike2.png in Resources */ = {isa = PBXBuildFile; fileRef = 7090D5C81A8BEA3800E8AA7C /* Bike2.png */; };
		7090D5DA1A8BEA3800E8AA7C /* Bike3.png in Resources */ = {isa = PBXBuildFile; fileRef = 7090D5C91A8BEA3800E8AA7C /* Bike3.png */; };
		7090D5DB1A8BEA3800E8AA7C /* Bike4.png in Resources */ = {isa = PBXBuildFile; fileRef = 7090D5CA1A8BEA3800E8AA7C /* Bike4.png */; };
		7090D5DC1A8BEA3800E8AA7C /* foregroundFog.png in Resources */ = {isa = PBXBuildFile; fileRef = 7090D5CB1A8BEA3800E8AA7C /* foregroundFog.png */; };
		7090D5DE1A8BEA3800E8AA7C /* spark.png in Resources */ = {isa = PBXBuildFile; fileRef = 7090D5CD1A8BEA3800E8AA7C /* spark.png */; };
		7090D5DF1A8BEA3800E8AA7C /* puff.sks in Resources */ = {isa = PBXBuildFile; fileRef = 7090D5CE1A8BEA3800E8AA7C /* puff.sks */; };
		7090D5E01A8BEA3800E8AA7C /* HowTo.png in Resources */ = {isa = PBXBuildFile; fileRef = 7090D5CF1A8BEA3800E8AA7C /* HowTo.png */; };
		7090D5E11A8BEA3800E8AA7C /* HowMore.png in Resources */ = {isa = PBXBuildFile; fileRef = 7090D5D01A8BEA3800E8AA7C /* HowMore.png */; };
		7090D5E21A8BEA3800E8AA7C /* Skull.png in Resources */ = {isa = PBXBuildFile; fileRef = 7090D5D11A8BEA3800E8AA7C /* Skull.png */; };
		7090D5E31A8BEA3800E8AA7C /* bottle.png in Resources */ = {isa = PBXBuildFile; fileRef = 7090D5D21A8BEA3800E8AA7C /* bottle.png */; };
		7090D5E51A8BEA3800E8AA7C /* car.png in Resources */ = {isa = PBXBuildFile; fileRef = 7090D5D41A8BEA3800E8AA7C /* car.png */; };
		7090D5E71A8BEA3800E8AA7C /* background3.png in Resources */ = {isa = PBXBuildFile; fileRef = 7090D5D61A8BEA3800E8AA7C /* background3.png */; };
		7090D5E81A8BEA3800E8AA7C /* bgMenu.png in Resources */ = {isa = PBXBuildFile; fileRef = 7090D5D71A8BEA3800E8AA7C /* bgMenu.png */; };
		70B2D3311A93C4D8007DDBE5 /* WBAplayer.swift in Sources */ = {isa = PBXBuildFile; fileRef = 70B2D3301A93C4D8007DDBE5 /* WBAplayer.swift */; };
		70B2D3331A9428B4007DDBE5 /* WBAMainMenu.swift in Sources */ = {isa = PBXBuildFile; fileRef = 70B2D3321A9428B4007DDBE5 /* WBAMainMenu.swift */; };
		70B2D3351A943A62007DDBE5 /* WhiteBikemenu.png in Resources */ = {isa = PBXBuildFile; fileRef = 70B2D3341A943A62007DDBE5 /* WhiteBikemenu.png */; };
		70B2D3391A943F12007DDBE5 /* WBAGamePlayScene.swift in Sources */ = {isa = PBXBuildFile; fileRef = 70B2D3381A943F12007DDBE5 /* WBAGamePlayScene.swift */; };
		70B2D34B1A946185007DDBE5 /* playButton.png in Resources */ = {isa = PBXBuildFile; fileRef = 70B2D34A1A946185007DDBE5 /* playButton.png */; };
		70B2D34F1A946382007DDBE5 /* HowToScene.swift in Sources */ = {isa = PBXBuildFile; fileRef = 70B2D34E1A946382007DDBE5 /* HowToScene.swift */; };
		70C362E51A97A06900E0626D /* blackSky.png in Resources */ = {isa = PBXBuildFile; fileRef = 70C362E41A97A06900E0626D /* blackSky.png */; };
		70C362E71A98360700E0626D /* GameOverScene.swift in Sources */ = {isa = PBXBuildFile; fileRef = 70C362E61A98360700E0626D /* GameOverScene.swift */; };
		70C362ED1A9853F000E0626D /* youLost.png in Resources */ = {isa = PBXBuildFile; fileRef = 70C362EC1A9853F000E0626D /* youLost.png */; };
		70C362EF1A9855CA00E0626D /* GameOver.wav in Resources */ = {isa = PBXBuildFile; fileRef = 70C362EE1A9855CA00E0626D /* GameOver.wav */; };
		70D7EC241A95004400DC70EC /* BubbleMenuButton.swift in Sources */ = {isa = PBXBuildFile; fileRef = 70D7EC1F1A95004400DC70EC /* BubbleMenuButton.swift */; };
		70D7EC251A95004400DC70EC /* FirstScene.swift in Sources */ = {isa = PBXBuildFile; fileRef = 70D7EC201A95004400DC70EC /* FirstScene.swift */; };
		70D7EC271A95004400DC70EC /* WhatScene.swift in Sources */ = {isa = PBXBuildFile; fileRef = 70D7EC221A95004400DC70EC /* WhatScene.swift */; };
		70D7EC281A95004400DC70EC /* WhyScene.swift in Sources */ = {isa = PBXBuildFile; fileRef = 70D7EC231A95004400DC70EC /* WhyScene.swift */; };
		70D7EC2A1A95026D00DC70EC /* pop.wav in Resources */ = {isa = PBXBuildFile; fileRef = 70D7EC291A95026D00DC70EC /* pop.wav */; };
		70D7EC2C1A95028A00DC70EC /* SKTAudio.swift in Sources */ = {isa = PBXBuildFile; fileRef = 70D7EC2B1A95028A00DC70EC /* SKTAudio.swift */; };
		70D7EC2F1A9533BC00DC70EC /* whiteBikeSong1.mp3 in Resources */ = {isa = PBXBuildFile; fileRef = 70D7EC2E1A9533BC00DC70EC /* whiteBikeSong1.mp3 */; };
		70D8BC5C1A9A8B8200ABA074 /* won_image.png in Resources */ = {isa = PBXBuildFile; fileRef = 70D8BC5B1A9A8B8200ABA074 /* won_image.png */; };
		70D8BC5E1A9A951400ABA074 /* iAd.framework in Frameworks */ = {isa = PBXBuildFile; fileRef = 70D8BC5D1A9A951400ABA074 /* iAd.framework */; };
		70D8BC601A9A96B100ABA074 /* Global_iAd.swift in Sources */ = {isa = PBXBuildFile; fileRef = 70D8BC5F1A9A96B100ABA074 /* Global_iAd.swift */; };
/* End PBXBuildFile section */

/* Begin PBXContainerItemProxy section */
		7090D5B41A8BE98D00E8AA7C /* PBXContainerItemProxy */ = {
			isa = PBXContainerItemProxy;
			containerPortal = 7090D5921A8BE98C00E8AA7C /* Project object */;
			proxyType = 1;
			remoteGlobalIDString = 7090D5991A8BE98D00E8AA7C;
			remoteInfo = WhiteBikeAngel;
		};
/* End PBXContainerItemProxy section */

/* Begin PBXFileReference section */
		706727AA1A9EA28200E5F175 /* GameKit.framework */ = {isa = PBXFileReference; lastKnownFileType = wrapper.framework; name = GameKit.framework; path = System/Library/Frameworks/GameKit.framework; sourceTree = SDKROOT; };
		7090D59A1A8BE98D00E8AA7C /* WhiteBikeAngel.app */ = {isa = PBXFileReference; explicitFileType = wrapper.application; includeInIndex = 0; path = WhiteBikeAngel.app; sourceTree = BUILT_PRODUCTS_DIR; };
		7090D59E1A8BE98D00E8AA7C /* Info.plist */ = {isa = PBXFileReference; lastKnownFileType = text.plist.xml; path = Info.plist; sourceTree = "<group>"; };
		7090D59F1A8BE98D00E8AA7C /* AppDelegate.swift */ = {isa = PBXFileReference; lastKnownFileType = sourcecode.swift; path = AppDelegate.swift; sourceTree = "<group>"; };
		7090D5A51A8BE98D00E8AA7C /* GameViewController.swift */ = {isa = PBXFileReference; lastKnownFileType = sourcecode.swift; path = GameViewController.swift; sourceTree = "<group>"; };
		7090D5A81A8BE98D00E8AA7C /* Base */ = {isa = PBXFileReference; lastKnownFileType = file.storyboard; name = Base; path = Base.lproj/Main.storyboard; sourceTree = "<group>"; };
		7090D5AA1A8BE98D00E8AA7C /* Images.xcassets */ = {isa = PBXFileReference; lastKnownFileType = folder.assetcatalog; path = Images.xcassets; sourceTree = "<group>"; };
		7090D5AD1A8BE98D00E8AA7C /* Base */ = {isa = PBXFileReference; lastKnownFileType = file.xib; name = Base; path = Base.lproj/LaunchScreen.xib; sourceTree = "<group>"; };
		7090D5B31A8BE98D00E8AA7C /* WhiteBikeAngelTests.xctest */ = {isa = PBXFileReference; explicitFileType = wrapper.cfbundle; includeInIndex = 0; path = WhiteBikeAngelTests.xctest; sourceTree = BUILT_PRODUCTS_DIR; };
		7090D5B81A8BE98D00E8AA7C /* Info.plist */ = {isa = PBXFileReference; lastKnownFileType = text.plist.xml; path = Info.plist; sourceTree = "<group>"; };
		7090D5B91A8BE98D00E8AA7C /* WhiteBikeAngelTests.swift */ = {isa = PBXFileReference; lastKnownFileType = sourcecode.swift; path = WhiteBikeAngelTests.swift; sourceTree = "<group>"; };
		7090D5C51A8BEA0A00E8AA7C /* bike.atlas */ = {isa = PBXFileReference; lastKnownFileType = folder.skatlas; path = bike.atlas; sourceTree = "<group>"; };
		7090D5C71A8BEA3800E8AA7C /* Bike1.png */ = {isa = PBXFileReference; lastKnownFileType = image.png; path = Bike1.png; sourceTree = "<group>"; };
		7090D5C81A8BEA3800E8AA7C /* Bike2.png */ = {isa = PBXFileReference; lastKnownFileType = image.png; path = Bike2.png; sourceTree = "<group>"; };
		7090D5C91A8BEA3800E8AA7C /* Bike3.png */ = {isa = PBXFileReference; lastKnownFileType = image.png; path = Bike3.png; sourceTree = "<group>"; };
		7090D5CA1A8BEA3800E8AA7C /* Bike4.png */ = {isa = PBXFileReference; lastKnownFileType = image.png; path = Bike4.png; sourceTree = "<group>"; };
		7090D5CB1A8BEA3800E8AA7C /* foregroundFog.png */ = {isa = PBXFileReference; lastKnownFileType = image.png; path = foregroundFog.png; sourceTree = "<group>"; };
		7090D5CD1A8BEA3800E8AA7C /* spark.png */ = {isa = PBXFileReference; lastKnownFileType = image.png; path = spark.png; sourceTree = "<group>"; };
		7090D5CE1A8BEA3800E8AA7C /* puff.sks */ = {isa = PBXFileReference; lastKnownFileType = file.sks; path = puff.sks; sourceTree = "<group>"; };
		7090D5CF1A8BEA3800E8AA7C /* HowTo.png */ = {isa = PBXFileReference; lastKnownFileType = image.png; path = HowTo.png; sourceTree = "<group>"; };
		7090D5D01A8BEA3800E8AA7C /* HowMore.png */ = {isa = PBXFileReference; lastKnownFileType = image.png; path = HowMore.png; sourceTree = "<group>"; };
		7090D5D11A8BEA3800E8AA7C /* Skull.png */ = {isa = PBXFileReference; lastKnownFileType = image.png; path = Skull.png; sourceTree = "<group>"; };
		7090D5D21A8BEA3800E8AA7C /* bottle.png */ = {isa = PBXFileReference; lastKnownFileType = image.png; path = bottle.png; sourceTree = "<group>"; };
		7090D5D41A8BEA3800E8AA7C /* car.png */ = {isa = PBXFileReference; lastKnownFileType = image.png; path = car.png; sourceTree = "<group>"; };
		7090D5D61A8BEA3800E8AA7C /* background3.png */ = {isa = PBXFileReference; lastKnownFileType = image.png; path = background3.png; sourceTree = "<group>"; };
		7090D5D71A8BEA3800E8AA7C /* bgMenu.png */ = {isa = PBXFileReference; lastKnownFileType = image.png; path = bgMenu.png; sourceTree = "<group>"; };
		70B2D3301A93C4D8007DDBE5 /* WBAplayer.swift */ = {isa = PBXFileReference; fileEncoding = 4; lastKnownFileType = sourcecode.swift; name = WBAplayer.swift; path = ../WBAplayer.swift; sourceTree = "<group>"; };
		70B2D3321A9428B4007DDBE5 /* WBAMainMenu.swift */ = {isa = PBXFileReference; fileEncoding = 4; lastKnownFileType = sourcecode.swift; path = WBAMainMenu.swift; sourceTree = "<group>"; };
		70B2D3341A943A62007DDBE5 /* WhiteBikemenu.png */ = {isa = PBXFileReference; lastKnownFileType = image.png; path = WhiteBikemenu.png; sourceTree = "<group>"; };
		70B2D3381A943F12007DDBE5 /* WBAGamePlayScene.swift */ = {isa = PBXFileReference; fileEncoding = 4; lastKnownFileType = sourcecode.swift; path = WBAGamePlayScene.swift; sourceTree = "<group>"; };
		70B2D34A1A946185007DDBE5 /* playButton.png */ = {isa = PBXFileReference; lastKnownFileType = image.png; path = playButton.png; sourceTree = "<group>"; };
		70B2D34E1A946382007DDBE5 /* HowToScene.swift */ = {isa = PBXFileReference; fileEncoding = 4; lastKnownFileType = sourcecode.swift; path = HowToScene.swift; sourceTree = "<group>"; };
		70C362E41A97A06900E0626D /* blackSky.png */ = {isa = PBXFileReference; lastKnownFileType = image.png; path = blackSky.png; sourceTree = "<group>"; };
		70C362E61A98360700E0626D /* GameOverScene.swift */ = {isa = PBXFileReference; fileEncoding = 4; lastKnownFileType = sourcecode.swift; path = GameOverScene.swift; sourceTree = "<group>"; };
		70C362EC1A9853F000E0626D /* youLost.png */ = {isa = PBXFileReference; lastKnownFileType = image.png; path = youLost.png; sourceTree = "<group>"; };
		70C362EE1A9855CA00E0626D /* GameOver.wav */ = {isa = PBXFileReference; lastKnownFileType = audio.wav; path = GameOver.wav; sourceTree = "<group>"; };
		70D7EC1F1A95004400DC70EC /* BubbleMenuButton.swift */ = {isa = PBXFileReference; fileEncoding = 4; lastKnownFileType = sourcecode.swift; path = BubbleMenuButton.swift; sourceTree = "<group>"; };
		70D7EC201A95004400DC70EC /* FirstScene.swift */ = {isa = PBXFileReference; fileEncoding = 4; lastKnownFileType = sourcecode.swift; path = FirstScene.swift; sourceTree = "<group>"; };
		70D7EC221A95004400DC70EC /* WhatScene.swift */ = {isa = PBXFileReference; fileEncoding = 4; lastKnownFileType = sourcecode.swift; path = WhatScene.swift; sourceTree = "<group>"; };
		70D7EC231A95004400DC70EC /* WhyScene.swift */ = {isa = PBXFileReference; fileEncoding = 4; lastKnownFileType = sourcecode.swift; path = WhyScene.swift; sourceTree = "<group>"; };
		70D7EC291A95026D00DC70EC /* pop.wav */ = {isa = PBXFileReference; lastKnownFileType = audio.wav; path = pop.wav; sourceTree = "<group>"; };
		70D7EC2B1A95028A00DC70EC /* SKTAudio.swift */ = {isa = PBXFileReference; fileEncoding = 4; lastKnownFileType = sourcecode.swift; path = SKTAudio.swift; sourceTree = "<group>"; };
		70D7EC2E1A9533BC00DC70EC /* whiteBikeSong1.mp3 */ = {isa = PBXFileReference; lastKnownFileType = audio.mp3; path = whiteBikeSong1.mp3; sourceTree = "<group>"; };
		70D7EC301A9533C200DC70EC /* butterflySound.m4a */ = {isa = PBXFileReference; lastKnownFileType = file; path = butterflySound.m4a; sourceTree = "<group>"; };
		70D8BC5B1A9A8B8200ABA074 /* won_image.png */ = {isa = PBXFileReference; lastKnownFileType = image.png; path = won_image.png; sourceTree = "<group>"; };
		70D8BC5D1A9A951400ABA074 /* iAd.framework */ = {isa = PBXFileReference; lastKnownFileType = wrapper.framework; name = iAd.framework; path = System/Library/Frameworks/iAd.framework; sourceTree = SDKROOT; };
		70D8BC5F1A9A96B100ABA074 /* Global_iAd.swift */ = {isa = PBXFileReference; fileEncoding = 4; lastKnownFileType = sourcecode.swift; path = Global_iAd.swift; sourceTree = "<group>"; };
/* End PBXFileReference section */

/* Begin PBXFrameworksBuildPhase section */
		7090D5971A8BE98D00E8AA7C /* Frameworks */ = {
			isa = PBXFrameworksBuildPhase;
			buildActionMask = 2147483647;
			files = (
				706727AB1A9EA28200E5F175 /* GameKit.framework in Frameworks */,
				70D8BC5E1A9A951400ABA074 /* iAd.framework in Frameworks */,
			);
			runOnlyForDeploymentPostprocessing = 0;
		};
		7090D5B01A8BE98D00E8AA7C /* Frameworks */ = {
			isa = PBXFrameworksBuildPhase;
			buildActionMask = 2147483647;
			files = (
			);
			runOnlyForDeploymentPostprocessing = 0;
		};
/* End PBXFrameworksBuildPhase section */

/* Begin PBXGroup section */
		7090D5911A8BE98C00E8AA7C = {
			isa = PBXGroup;
			children = (
				706727AA1A9EA28200E5F175 /* GameKit.framework */,
				70D8BC5D1A9A951400ABA074 /* iAd.framework */,
				7090D59C1A8BE98D00E8AA7C /* WhiteBikeAngel */,
				7090D5B61A8BE98D00E8AA7C /* WhiteBikeAngelTests */,
				7090D59B1A8BE98D00E8AA7C /* Products */,
			);
			sourceTree = "<group>";
		};
		7090D59B1A8BE98D00E8AA7C /* Products */ = {
			isa = PBXGroup;
			children = (
				7090D59A1A8BE98D00E8AA7C /* WhiteBikeAngel.app */,
				7090D5B31A8BE98D00E8AA7C /* WhiteBikeAngelTests.xctest */,
			);
			name = Products;
			sourceTree = "<group>";
		};
		7090D59C1A8BE98D00E8AA7C /* WhiteBikeAngel */ = {
			isa = PBXGroup;
			children = (
				70D7EC2B1A95028A00DC70EC /* SKTAudio.swift */,
				70D8BC5F1A9A96B100ABA074 /* Global_iAd.swift */,
				70D7EC1E1A95003300DC70EC /* MenuFile */,
				7090D59F1A8BE98D00E8AA7C /* AppDelegate.swift */,
				70B2D3321A9428B4007DDBE5 /* WBAMainMenu.swift */,
				70B2D3381A943F12007DDBE5 /* WBAGamePlayScene.swift */,
				70B2D3301A93C4D8007DDBE5 /* WBAplayer.swift */,
				70B2D34E1A946382007DDBE5 /* HowToScene.swift */,
				7090D5A51A8BE98D00E8AA7C /* GameViewController.swift */,
				7090D5A71A8BE98D00E8AA7C /* Main.storyboard */,
				70C362E61A98360700E0626D /* GameOverScene.swift */,
				7090D5AA1A8BE98D00E8AA7C /* Images.xcassets */,
				7090D5AC1A8BE98D00E8AA7C /* LaunchScreen.xib */,
				7090D59D1A8BE98D00E8AA7C /* Supporting Files */,
			);
			path = WhiteBikeAngel;
			sourceTree = "<group>";
		};
		7090D59D1A8BE98D00E8AA7C /* Supporting Files */ = {
			isa = PBXGroup;
			children = (
				70D7EC2D1A9533AC00DC70EC /* Sounds */,
				7090D5E91A8BEA8B00E8AA7C /* ART */,
				7090D5C51A8BEA0A00E8AA7C /* bike.atlas */,
				7090D59E1A8BE98D00E8AA7C /* Info.plist */,
			);
			name = "Supporting Files";
			sourceTree = "<group>";
		};
		7090D5B61A8BE98D00E8AA7C /* WhiteBikeAngelTests */ = {
			isa = PBXGroup;
			children = (
				7090D5B91A8BE98D00E8AA7C /* WhiteBikeAngelTests.swift */,
				7090D5B71A8BE98D00E8AA7C /* Supporting Files */,
			);
			path = WhiteBikeAngelTests;
			sourceTree = "<group>";
		};
		7090D5B71A8BE98D00E8AA7C /* Supporting Files */ = {
			isa = PBXGroup;
			children = (
				7090D5B81A8BE98D00E8AA7C /* Info.plist */,
			);
			name = "Supporting Files";
			sourceTree = "<group>";
		};
		7090D5E91A8BEA8B00E8AA7C /* ART */ = {
			isa = PBXGroup;
			children = (
				70D8BC5B1A9A8B8200ABA074 /* won_image.png */,
				70C362EC1A9853F000E0626D /* youLost.png */,
				70C362E41A97A06900E0626D /* blackSky.png */,
				70B2D34A1A946185007DDBE5 /* playButton.png */,
				70B2D3341A943A62007DDBE5 /* WhiteBikemenu.png */,
				7090D5C71A8BEA3800E8AA7C /* Bike1.png */,
				7090D5C81A8BEA3800E8AA7C /* Bike2.png */,
				7090D5C91A8BEA3800E8AA7C /* Bike3.png */,
				7090D5CA1A8BEA3800E8AA7C /* Bike4.png */,
				7090D5CB1A8BEA3800E8AA7C /* foregroundFog.png */,
				7090D5CD1A8BEA3800E8AA7C /* spark.png */,
				7090D5CE1A8BEA3800E8AA7C /* puff.sks */,
				7090D5CF1A8BEA3800E8AA7C /* HowTo.png */,
				7090D5D01A8BEA3800E8AA7C /* HowMore.png */,
				7090D5D11A8BEA3800E8AA7C /* Skull.png */,
				7090D5D21A8BEA3800E8AA7C /* bottle.png */,
				7090D5D41A8BEA3800E8AA7C /* car.png */,
				7090D5D61A8BEA3800E8AA7C /* background3.png */,
				7090D5D71A8BEA3800E8AA7C /* bgMenu.png */,
			);
			name = ART;
			sourceTree = "<group>";
		};
		70D7EC1E1A95003300DC70EC /* MenuFile */ = {
			isa = PBXGroup;
			children = (
				70D7EC1F1A95004400DC70EC /* BubbleMenuButton.swift */,
				70D7EC201A95004400DC70EC /* FirstScene.swift */,
				70D7EC221A95004400DC70EC /* WhatScene.swift */,
				70D7EC231A95004400DC70EC /* WhyScene.swift */,
			);
			name = MenuFile;
			sourceTree = "<group>";
		};
		70D7EC2D1A9533AC00DC70EC /* Sounds */ = {
			isa = PBXGroup;
			children = (
				70D7EC301A9533C200DC70EC /* butterflySound.m4a */,
				70D7EC2E1A9533BC00DC70EC /* whiteBikeSong1.mp3 */,
				70D7EC291A95026D00DC70EC /* pop.wav */,
				70C362EE1A9855CA00E0626D /* GameOver.wav */,
			);
			name = Sounds;
			sourceTree = "<group>";
		};
/* End PBXGroup section */

/* Begin PBXNativeTarget section */
		7090D5991A8BE98D00E8AA7C /* WhiteBikeAngel */ = {
			isa = PBXNativeTarget;
			buildConfigurationList = 7090D5BD1A8BE98D00E8AA7C /* Build configuration list for PBXNativeTarget "WhiteBikeAngel" */;
			buildPhases = (
				7090D5961A8BE98D00E8AA7C /* Sources */,
				7090D5971A8BE98D00E8AA7C /* Frameworks */,
				7090D5981A8BE98D00E8AA7C /* Resources */,
			);
			buildRules = (
			);
			dependencies = (
			);
			name = WhiteBikeAngel;
			productName = WhiteBikeAngel;
			productReference = 7090D59A1A8BE98D00E8AA7C /* WhiteBikeAngel.app */;
			productType = "com.apple.product-type.application";
		};
		7090D5B21A8BE98D00E8AA7C /* WhiteBikeAngelTests */ = {
			isa = PBXNativeTarget;
			buildConfigurationList = 7090D5C01A8BE98D00E8AA7C /* Build configuration list for PBXNativeTarget "WhiteBikeAngelTests" */;
			buildPhases = (
				7090D5AF1A8BE98D00E8AA7C /* Sources */,
				7090D5B01A8BE98D00E8AA7C /* Frameworks */,
				7090D5B11A8BE98D00E8AA7C /* Resources */,
			);
			buildRules = (
			);
			dependencies = (
				7090D5B51A8BE98D00E8AA7C /* PBXTargetDependency */,
			);
			name = WhiteBikeAngelTests;
			productName = WhiteBikeAngelTests;
			productReference = 7090D5B31A8BE98D00E8AA7C /* WhiteBikeAngelTests.xctest */;
			productType = "com.apple.product-type.bundle.unit-test";
		};
/* End PBXNativeTarget section */

/* Begin PBXProject section */
		7090D5921A8BE98C00E8AA7C /* Project object */ = {
			isa = PBXProject;
			attributes = {
				LastUpgradeCheck = 0610;
				ORGANIZATIONNAME = claybear39;
				TargetAttributes = {
					7090D5991A8BE98D00E8AA7C = {
						CreatedOnToolsVersion = 6.1.1;
						DevelopmentTeam = Q4JQRFEL63;
					};
					7090D5B21A8BE98D00E8AA7C = {
						CreatedOnToolsVersion = 6.1.1;
						TestTargetID = 7090D5991A8BE98D00E8AA7C;
					};
				};
			};
			buildConfigurationList = 7090D5951A8BE98C00E8AA7C /* Build configuration list for PBXProject "WhiteBikeAngel" */;
			compatibilityVersion = "Xcode 3.2";
			developmentRegion = English;
			hasScannedForEncodings = 0;
			knownRegions = (
				en,
				Base,
			);
			mainGroup = 7090D5911A8BE98C00E8AA7C;
			productRefGroup = 7090D59B1A8BE98D00E8AA7C /* Products */;
			projectDirPath = "";
			projectRoot = "";
			targets = (
				7090D5991A8BE98D00E8AA7C /* WhiteBikeAngel */,
				7090D5B21A8BE98D00E8AA7C /* WhiteBikeAngelTests */,
			);
		};
/* End PBXProject section */

/* Begin PBXResourcesBuildPhase section */
		7090D5981A8BE98D00E8AA7C /* Resources */ = {
			isa = PBXResourcesBuildPhase;
			buildActionMask = 2147483647;
			files = (
				7090D5E21A8BEA3800E8AA7C /* Skull.png in Resources */,
				7090D5E01A8BEA3800E8AA7C /* HowTo.png in Resources */,
				7090D5C61A8BEA0A00E8AA7C /* bike.atlas in Resources */,
				7090D5D91A8BEA3800E8AA7C /* Bike2.png in Resources */,
				7090D5AE1A8BE98D00E8AA7C /* LaunchScreen.xib in Resources */,
				7090D5AB1A8BE98D00E8AA7C /* Images.xcassets in Resources */,
				7090D5DE1A8BEA3800E8AA7C /* spark.png in Resources */,
				70D7EC2F1A9533BC00DC70EC /* whiteBikeSong1.mp3 in Resources */,
				7090D5D81A8BEA3800E8AA7C /* Bike1.png in Resources */,
				7090D5DC1A8BEA3800E8AA7C /* foregroundFog.png in Resources */,
				70C362ED1A9853F000E0626D /* youLost.png in Resources */,
				70B2D3351A943A62007DDBE5 /* WhiteBikemenu.png in Resources */,
				7090D5A91A8BE98D00E8AA7C /* Main.storyboard in Resources */,
				70D7EC2A1A95026D00DC70EC /* pop.wav in Resources */,
				7090D5E51A8BEA3800E8AA7C /* car.png in Resources */,
				7090D5E11A8BEA3800E8AA7C /* HowMore.png in Resources */,
				7090D5DF1A8BEA3800E8AA7C /* puff.sks in Resources */,
				7090D5DB1A8BEA3800E8AA7C /* Bike4.png in Resources */,
				70D8BC5C1A9A8B8200ABA074 /* won_image.png in Resources */,
				7090D5E31A8BEA3800E8AA7C /* bottle.png in Resources */,
				7090D5E81A8BEA3800E8AA7C /* bgMenu.png in Resources */,
				70C362EF1A9855CA00E0626D /* GameOver.wav in Resources */,
				70C362E51A97A06900E0626D /* blackSky.png in Resources */,
				7090D5DA1A8BEA3800E8AA7C /* Bike3.png in Resources */,
				7090D5E71A8BEA3800E8AA7C /* background3.png in Resources */,
				70B2D34B1A946185007DDBE5 /* playButton.png in Resources */,
			);
			runOnlyForDeploymentPostprocessing = 0;
		};
		7090D5B11A8BE98D00E8AA7C /* Resources */ = {
			isa = PBXResourcesBuildPhase;
			buildActionMask = 2147483647;
			files = (
			);
			runOnlyForDeploymentPostprocessing = 0;
		};
/* End PBXResourcesBuildPhase section */

/* Begin PBXSourcesBuildPhase section */
		7090D5961A8BE98D00E8AA7C /* Sources */ = {
			isa = PBXSourcesBuildPhase;
			buildActionMask = 2147483647;
			files = (
				70D7EC271A95004400DC70EC /* WhatScene.swift in Sources */,
				70B2D3391A943F12007DDBE5 /* WBAGamePlayScene.swift in Sources */,
				70B2D3331A9428B4007DDBE5 /* WBAMainMenu.swift in Sources */,
				70B2D3311A93C4D8007DDBE5 /* WBAplayer.swift in Sources */,
				7090D5A61A8BE98D00E8AA7C /* GameViewController.swift in Sources */,
				70D7EC281A95004400DC70EC /* WhyScene.swift in Sources */,
				70D7EC251A95004400DC70EC /* FirstScene.swift in Sources */,
				70D7EC241A95004400DC70EC /* BubbleMenuButton.swift in Sources */,
				70C362E71A98360700E0626D /* GameOverScene.swift in Sources */,
				70D8BC601A9A96B100ABA074 /* Global_iAd.swift in Sources */,
				70B2D34F1A946382007DDBE5 /* HowToScene.swift in Sources */,
				70D7EC2C1A95028A00DC70EC /* SKTAudio.swift in Sources */,
				7090D5A01A8BE98D00E8AA7C /* AppDelegate.swift in Sources */,
			);
			runOnlyForDeploymentPostprocessing = 0;
		};
		7090D5AF1A8BE98D00E8AA7C /* Sources */ = {
			isa = PBXSourcesBuildPhase;
			buildActionMask = 2147483647;
			files = (
				7090D5BA1A8BE98D00E8AA7C /* WhiteBikeAngelTests.swift in Sources */,
			);
			runOnlyForDeploymentPostprocessing = 0;
		};
/* End PBXSourcesBuildPhase section */

/* Begin PBXTargetDependency section */
		7090D5B51A8BE98D00E8AA7C /* PBXTargetDependency */ = {
			isa = PBXTargetDependency;
			target = 7090D5991A8BE98D00E8AA7C /* WhiteBikeAngel */;
			targetProxy = 7090D5B41A8BE98D00E8AA7C /* PBXContainerItemProxy */;
		};
/* End PBXTargetDependency section */

/* Begin PBXVariantGroup section */
		7090D5A71A8BE98D00E8AA7C /* Main.storyboard */ = {
			isa = PBXVariantGroup;
			children = (
				7090D5A81A8BE98D00E8AA7C /* Base */,
			);
			name = Main.storyboard;
			sourceTree = "<group>";
		};
		7090D5AC1A8BE98D00E8AA7C /* LaunchScreen.xib */ = {
			isa = PBXVariantGroup;
			children = (
				7090D5AD1A8BE98D00E8AA7C /* Base */,
			);
			name = LaunchScreen.xib;
			sourceTree = "<group>";
		};
/* End PBXVariantGroup section */

/* Begin XCBuildConfiguration section */
		7090D5BB1A8BE98D00E8AA7C /* Debug */ = {
			isa = XCBuildConfiguration;
			buildSettings = {
				ALWAYS_SEARCH_USER_PATHS = NO;
				CLANG_CXX_LANGUAGE_STANDARD = "gnu++0x";
				CLANG_CXX_LIBRARY = "libc++";
				CLANG_ENABLE_MODULES = YES;
				CLANG_ENABLE_OBJC_ARC = YES;
				CLANG_WARN_BOOL_CONVERSION = YES;
				CLANG_WARN_CONSTANT_CONVERSION = YES;
				CLANG_WARN_DIRECT_OBJC_ISA_USAGE = YES_ERROR;
				CLANG_WARN_EMPTY_BODY = YES;
				CLANG_WARN_ENUM_CONVERSION = YES;
				CLANG_WARN_INT_CONVERSION = YES;
				CLANG_WARN_OBJC_ROOT_CLASS = YES_ERROR;
				CLANG_WARN_UNREACHABLE_CODE = YES;
				CLANG_WARN__DUPLICATE_METHOD_MATCH = YES;
				"CODE_SIGN_IDENTITY[sdk=iphoneos*]" = "iPhone Developer";
				COPY_PHASE_STRIP = NO;
				ENABLE_STRICT_OBJC_MSGSEND = YES;
				GCC_C_LANGUAGE_STANDARD = gnu99;
				GCC_DYNAMIC_NO_PIC = NO;
				GCC_OPTIMIZATION_LEVEL = 0;
				GCC_PREPROCESSOR_DEFINITIONS = (
					"DEBUG=1",
					"$(inherited)",
				);
				GCC_SYMBOLS_PRIVATE_EXTERN = NO;
				GCC_WARN_64_TO_32_BIT_CONVERSION = YES;
				GCC_WARN_ABOUT_RETURN_TYPE = YES_ERROR;
				GCC_WARN_UNDECLARED_SELECTOR = YES;
				GCC_WARN_UNINITIALIZED_AUTOS = YES_AGGRESSIVE;
				GCC_WARN_UNUSED_FUNCTION = YES;
				GCC_WARN_UNUSED_VARIABLE = YES;
				IPHONEOS_DEPLOYMENT_TARGET = 8.1;
				MTL_ENABLE_DEBUG_INFO = YES;
				ONLY_ACTIVE_ARCH = YES;
				SDKROOT = iphoneos;
				SWIFT_OPTIMIZATION_LEVEL = "-Onone";
				TARGETED_DEVICE_FAMILY = "1,2";
			};
			name = Debug;
		};
		7090D5BC1A8BE98D00E8AA7C /* Release */ = {
			isa = XCBuildConfiguration;
			buildSettings = {
				ALWAYS_SEARCH_USER_PATHS = NO;
				CLANG_CXX_LANGUAGE_STANDARD = "gnu++0x";
				CLANG_CXX_LIBRARY = "libc++";
				CLANG_ENABLE_MODULES = YES;
				CLANG_ENABLE_OBJC_ARC = YES;
				CLANG_WARN_BOOL_CONVERSION = YES;
				CLANG_WARN_CONSTANT_CONVERSION = YES;
				CLANG_WARN_DIRECT_OBJC_ISA_USAGE = YES_ERROR;
				CLANG_WARN_EMPTY_BODY = YES;
				CLANG_WARN_ENUM_CONVERSION = YES;
				CLANG_WARN_INT_CONVERSION = YES;
				CLANG_WARN_OBJC_ROOT_CLASS = YES_ERROR;
				CLANG_WARN_UNREACHABLE_CODE = YES;
				CLANG_WARN__DUPLICATE_METHOD_MATCH = YES;
				"CODE_SIGN_IDENTITY[sdk=iphoneos*]" = "iPhone Developer";
				COPY_PHASE_STRIP = YES;
				ENABLE_NS_ASSERTIONS = NO;
				ENABLE_STRICT_OBJC_MSGSEND = YES;
				GCC_C_LANGUAGE_STANDARD = gnu99;
				GCC_WARN_64_TO_32_BIT_CONVERSION = YES;
				GCC_WARN_ABOUT_RETURN_TYPE = YES_ERROR;
				GCC_WARN_UNDECLARED_SELECTOR = YES;
				GCC_WARN_UNINITIALIZED_AUTOS = YES_AGGRESSIVE;
				GCC_WARN_UNUSED_FUNCTION = YES;
				GCC_WARN_UNUSED_VARIABLE = YES;
				IPHONEOS_DEPLOYMENT_TARGET = 8.1;
				MTL_ENABLE_DEBUG_INFO = NO;
				SDKROOT = iphoneos;
				TARGETED_DEVICE_FAMILY = "1,2";
				VALIDATE_PRODUCT = YES;
			};
			name = Release;
		};
		7090D5BE1A8BE98D00E8AA7C /* Debug */ = {
			isa = XCBuildConfiguration;
			buildSettings = {
				ASSETCATALOG_COMPILER_APPICON_NAME = AppIcon;
				CODE_SIGN_IDENTITY = "iPhone Developer";
				INFOPLIST_FILE = WhiteBikeAngel/Info.plist;
				IPHONEOS_DEPLOYMENT_TARGET = 8.0;
				LD_RUNPATH_SEARCH_PATHS = "$(inherited) @executable_path/Frameworks";
				PRODUCT_NAME = "$(TARGET_NAME)";
			};
			name = Debug;
		};
		7090D5BF1A8BE98D00E8AA7C /* Release */ = {
			isa = XCBuildConfiguration;
			buildSettings = {
				ASSETCATALOG_COMPILER_APPICON_NAME = AppIcon;
				CODE_SIGN_IDENTITY = "iPhone Developer";
				INFOPLIST_FILE = WhiteBikeAngel/Info.plist;
				IPHONEOS_DEPLOYMENT_TARGET = 8.0;
				LD_RUNPATH_SEARCH_PATHS = "$(inherited) @executable_path/Frameworks";
				PRODUCT_NAME = "$(TARGET_NAME)";
			};
			name = Release;
		};
		7090D5C11A8BE98D00E8AA7C /* Debug */ = {
			isa = XCBuildConfiguration;
			buildSettings = {
				BUNDLE_LOADER = "$(TEST_HOST)";
				FRAMEWORK_SEARCH_PATHS = (
					"$(SDKROOT)/Developer/Library/Frameworks",
					"$(inherited)",
				);
				GCC_PREPROCESSOR_DEFINITIONS = (
					"DEBUG=1",
					"$(inherited)",
				);
				INFOPLIST_FILE = WhiteBikeAngelTests/Info.plist;
				LD_RUNPATH_SEARCH_PATHS = "$(inherited) @executable_path/Frameworks @loader_path/Frameworks";
				PRODUCT_NAME = "$(TARGET_NAME)";
				TEST_HOST = "$(BUILT_PRODUCTS_DIR)/WhiteBikeAngel.app/WhiteBikeAngel";
			};
			name = Debug;
		};
		7090D5C21A8BE98D00E8AA7C /* Release */ = {
			isa = XCBuildConfiguration;
			buildSettings = {
				BUNDLE_LOADER = "$(TEST_HOST)";
				FRAMEWORK_SEARCH_PATHS = (
					"$(SDKROOT)/Developer/Library/Frameworks",
					"$(inherited)",
				);
				INFOPLIST_FILE = WhiteBikeAngelTests/Info.plist;
				LD_RUNPATH_SEARCH_PATHS = "$(inherited) @executable_path/Frameworks @loader_path/Frameworks";
				PRODUCT_NAME = "$(TARGET_NAME)";
				TEST_HOST = "$(BUILT_PRODUCTS_DIR)/WhiteBikeAngel.app/WhiteBikeAngel";
			};
			name = Release;
		};
/* End XCBuildConfiguration section */

/* Begin XCConfigurationList section */
		7090D5951A8BE98C00E8AA7C /* Build configuration list for PBXProject "WhiteBikeAngel" */ = {
			isa = XCConfigurationList;
			buildConfigurations = (
				7090D5BB1A8BE98D00E8AA7C /* Debug */,
				7090D5BC1A8BE98D00E8AA7C /* Release */,
			);
			defaultConfigurationIsVisible = 0;
			defaultConfigurationName = Release;
		};
		7090D5BD1A8BE98D00E8AA7C /* Build configuration list for PBXNativeTarget "WhiteBikeAngel" */ = {
			isa = XCConfigurationList;
			buildConfigurations = (
				7090D5BE1A8BE98D00E8AA7C /* Debug */,
				7090D5BF1A8BE98D00E8AA7C /* Release */,
			);
			defaultConfigurationIsVisible = 0;
			defaultConfigurationName = Release;
		};
		7090D5C01A8BE98D00E8AA7C /* Build configuration list for PBXNativeTarget "WhiteBikeAngelTests" */ = {
			isa = XCConfigurationList;
			buildConfigurations = (
				7090D5C11A8BE98D00E8AA7C /* Debug */,
				7090D5C21A8BE98D00E8AA7C /* Release */,
			);
			defaultConfigurationIsVisible = 0;
			defaultConfigurationName = Release;
		};
/* End XCConfigurationList section */
	};
	rootObject = 7090D5921A8BE98C00E8AA7C /* Project object */;
}
